// !$*UTF8*$!
{
	archiveVersion = 1;
	classes = {
	};
	objectVersion = 46;
	objects = {

/* Begin PBXBuildFile section */
		A1D174DF1C41FAAF00604546 /* AppDelegate.swift in Sources */ = {isa = PBXBuildFile; fileRef = A1D174DE1C41FAAF00604546 /* AppDelegate.swift */; };
		A1D174E11C41FAAF00604546 /* ViewController.swift in Sources */ = {isa = PBXBuildFile; fileRef = A1D174E01C41FAAF00604546 /* ViewController.swift */; };
		A1D174E41C41FAAF00604546 /* Main.storyboard in Resources */ = {isa = PBXBuildFile; fileRef = A1D174E21C41FAAF00604546 /* Main.storyboard */; };
		A1D174E61C41FAAF00604546 /* Assets.xcassets in Resources */ = {isa = PBXBuildFile; fileRef = A1D174E51C41FAAF00604546 /* Assets.xcassets */; };
		A1D174E91C41FAAF00604546 /* LaunchScreen.storyboard in Resources */ = {isa = PBXBuildFile; fileRef = A1D174E71C41FAAF00604546 /* LaunchScreen.storyboard */; };
		A1D174F11C41FAC800604546 /* CoreLocation.framework in Frameworks */ = {isa = PBXBuildFile; fileRef = A1D174F01C41FAC800604546 /* CoreLocation.framework */; };
		A1D174F31C41FADA00604546 /* MapKit.framework in Frameworks */ = {isa = PBXBuildFile; fileRef = A1D174F21C41FADA00604546 /* MapKit.framework */; };
/* End PBXBuildFile section */

/* Begin PBXFileReference section */
		A1D174DB1C41FAAF00604546 /* ColdCaller.app */ = {isa = PBXFileReference; explicitFileType = wrapper.application; includeInIndex = 0; path = ColdCaller.app; sourceTree = BUILT_PRODUCTS_DIR; };
		A1D174DE1C41FAAF00604546 /* AppDelegate.swift */ = {isa = PBXFileReference; lastKnownFileType = sourcecode.swift; path = AppDelegate.swift; sourceTree = "<group>"; };
		A1D174E01C41FAAF00604546 /* ViewController.swift */ = {isa = PBXFileReference; lastKnownFileType = sourcecode.swift; path = ViewController.swift; sourceTree = "<group>"; };
		A1D174E31C41FAAF00604546 /* Base */ = {isa = PBXFileReference; lastKnownFileType = file.storyboard; name = Base; path = Base.lproj/Main.storyboard; sourceTree = "<group>"; };
		A1D174E51C41FAAF00604546 /* Assets.xcassets */ = {isa = PBXFileReference; lastKnownFileType = folder.assetcatalog; path = Assets.xcassets; sourceTree = "<group>"; };
		A1D174E81C41FAAF00604546 /* Base */ = {isa = PBXFileReference; lastKnownFileType = file.storyboard; name = Base; path = Base.lproj/LaunchScreen.storyboard; sourceTree = "<group>"; };
		A1D174EA1C41FAAF00604546 /* Info.plist */ = {isa = PBXFileReference; lastKnownFileType = text.plist.xml; path = Info.plist; sourceTree = "<group>"; };
		A1D174F01C41FAC800604546 /* CoreLocation.framework */ = {isa = PBXFileReference; lastKnownFileType = wrapper.framework; name = CoreLocation.framework; path = System/Library/Frameworks/CoreLocation.framework; sourceTree = SDKROOT; };
		A1D174F21C41FADA00604546 /* MapKit.framework */ = {isa = PBXFileReference; lastKnownFileType = wrapper.framework; name = MapKit.framework; path = System/Library/Frameworks/MapKit.framework; sourceTree = SDKROOT; };
/* End PBXFileReference section */

/* Begin PBXFrameworksBuildPhase section */
		A1D174D81C41FAAF00604546 /* Frameworks */ = {
			isa = PBXFrameworksBuildPhase;
			buildActionMask = 2147483647;
			files = (
				A1D174F31C41FADA00604546 /* MapKit.framework in Frameworks */,
				A1D174F11C41FAC800604546 /* CoreLocation.framework in Frameworks */,
			);
			runOnlyForDeploymentPostprocessing = 0;
		};
/* End PBXFrameworksBuildPhase section */

/* Begin PBXGroup section */
		A1D174D21C41FAAF00604546 = {
			isa = PBXGroup;
			children = (
				A1D174F21C41FADA00604546 /* MapKit.framework */,
				A1D174F01C41FAC800604546 /* CoreLocation.framework */,
				A1D174DD1C41FAAF00604546 /* ColdCaller */,
				A1D174DC1C41FAAF00604546 /* Products */,
			);
			sourceTree = "<group>";
		};
		A1D174DC1C41FAAF00604546 /* Products */ = {
			isa = PBXGroup;
			children = (
				A1D174DB1C41FAAF00604546 /* ColdCaller.app */,
			);
			name = Products;
			sourceTree = "<group>";
		};
		A1D174DD1C41FAAF00604546 /* ColdCaller */ = {
			isa = PBXGroup;
			children = (
				A1D174DE1C41FAAF00604546 /* AppDelegate.swift */,
				A1D174E01C41FAAF00604546 /* ViewController.swift */,
				A1D174E21C41FAAF00604546 /* Main.storyboard */,
				A1D174E51C41FAAF00604546 /* Assets.xcassets */,
				A1D174E71C41FAAF00604546 /* LaunchScreen.storyboard */,
				A1D174EA1C41FAAF00604546 /* Info.plist */,
			);
			path = ColdCaller;
			sourceTree = "<group>";
		};
/* End PBXGroup section */

/* Begin PBXNativeTarget section */
		A1D174DA1C41FAAF00604546 /* ColdCaller */ = {
			isa = PBXNativeTarget;
			buildConfigurationList = A1D174ED1C41FAAF00604546 /* Build configuration list for PBXNativeTarget "ColdCaller" */;
			buildPhases = (
				A1D174D71C41FAAF00604546 /* Sources */,
				A1D174D81C41FAAF00604546 /* Frameworks */,
				A1D174D91C41FAAF00604546 /* Resources */,
			);
			buildRules = (
			);
			dependencies = (
			);
			name = ColdCaller;
			productName = ColdCaller;
			productReference = A1D174DB1C41FAAF00604546 /* ColdCaller.app */;
			productType = "com.apple.product-type.application";
		};
/* End PBXNativeTarget section */

/* Begin PBXProject section */
		A1D174D31C41FAAF00604546 /* Project object */ = {
			isa = PBXProject;
			attributes = {
				LastSwiftUpdateCheck = 0720;
				LastUpgradeCheck = 0720;
				ORGANIZATIONNAME = ChristopherZev;
				TargetAttributes = {
					A1D174DA1C41FAAF00604546 = {
						CreatedOnToolsVersion = 7.2;
					};
				};
			};
			buildConfigurationList = A1D174D61C41FAAF00604546 /* Build configuration list for PBXProject "ColdCaller" */;
			compatibilityVersion = "Xcode 3.2";
			developmentRegion = English;
			hasScannedForEncodings = 0;
			knownRegions = (
				en,
				Base,
			);
			mainGroup = A1D174D21C41FAAF00604546;
			productRefGroup = A1D174DC1C41FAAF00604546 /* Products */;
			projectDirPath = "";
			projectRoot = "";
			targets = (
				A1D174DA1C41FAAF00604546 /* ColdCaller */,
			);
		};
/* End PBXProject section */

/* Begin PBXResourcesBuildPhase section */
		A1D174D91C41FAAF00604546 /* Resources */ = {
			isa = PBXResourcesBuildPhase;
			buildActionMask = 2147483647;
			files = (
				A1D174E91C41FAAF00604546 /* LaunchScreen.storyboard in Resources */,
				A1D174E61C41FAAF00604546 /* Assets.xcassets in Resources */,
				A1D174E41C41FAAF00604546 /* Main.storyboard in Resources */,
			);
			runOnlyForDeploymentPostprocessing = 0;
		};
/* End PBXResourcesBuildPhase section */

/* Begin PBXSourcesBuildPhase section */
		A1D174D71C41FAAF00604546 /* Sources */ = {
			isa = PBXSourcesBuildPhase;
			buildActionMask = 2147483647;
			files = (
				A1D174E11C41FAAF00604546 /* ViewController.swift in Sources */,
				A1D174DF1C41FAAF00604546 /* AppDelegate.swift in Sources */,
			);
			runOnlyForDeploymentPostprocessing = 0;
		};
/* End PBXSourcesBuildPhase section */

/* Begin PBXVariantGroup section */
		A1D174E21C41FAAF00604546 /* Main.storyboard */ = {
			isa = PBXVariantGroup;
			children = (
				A1D174E31C41FAAF00604546 /* Base */,
			);
			name = Main.storyboard;
			sourceTree = "<group>";
		};
		A1D174E71C41FAAF00604546 /* LaunchScreen.storyboard */ = {
			isa = PBXVariantGroup;
			children = (
				A1D174E81C41FAAF00604546 /* Base */,
			);
			name = LaunchScreen.storyboard;
			sourceTree = "<group>";
		};
/* End PBXVariantGroup section */

/* Begin XCBuildConfiguration section */
		A1D174EB1C41FAAF00604546 /* Debug */ = {
			isa = XCBuildConfiguration;
			buildSettings = {
				ALWAYS_SEARCH_USER_PATHS = NO;
				CLANG_CXX_LANGUAGE_STANDARD = "gnu++0x";
				CLANG_CXX_LIBRARY = "libc++";
				CLANG_ENABLE_MODULES = YES;
				CLANG_ENABLE_OBJC_ARC = YES;
				CLANG_WARN_BOOL_CONVERSION = YES;
				CLANG_WARN_CONSTANT_CONVERSION = YES;
				CLANG_WARN_DIRECT_OBJC_ISA_USAGE = YES_ERROR;
				CLANG_WARN_EMPTY_BODY = YES;
				CLANG_WARN_ENUM_CONVERSION = YES;
				CLANG_WARN_INT_CONVERSION = YES;
				CLANG_WARN_OBJC_ROOT_CLASS = YES_ERROR;
				CLANG_WARN_UNREACHABLE_CODE = YES;
				CLANG_WARN__DUPLICATE_METHOD_MATCH = YES;
				"CODE_SIGN_IDENTITY[sdk=iphoneos*]" = "iPhone Developer";
				COPY_PHASE_STRIP = NO;
				DEBUG_INFORMATION_FORMAT = dwarf;
				ENABLE_STRICT_OBJC_MSGSEND = YES;
				ENABLE_TESTABILITY = YES;
				GCC_C_LANGUAGE_STANDARD = gnu99;
				GCC_DYNAMIC_NO_PIC = NO;
				GCC_NO_COMMON_BLOCKS = YES;
				GCC_OPTIMIZATION_LEVEL = 0;
				GCC_PREPROCESSOR_DEFINITIONS = (
					"DEBUG=1",
					"$(inherited)",
				);
				GCC_WARN_64_TO_32_BIT_CONVERSION = YES;
				GCC_WARN_ABOUT_RETURN_TYPE = YES_ERROR;
				GCC_WARN_UNDECLARED_SELECTOR = YES;
				GCC_WARN_UNINITIALIZED_AUTOS = YES_AGGRESSIVE;
				GCC_WARN_UNUSED_FUNCTION = YES;
				GCC_WARN_UNUSED_VARIABLE = YES;
				IPHONEOS_DEPLOYMENT_TARGET = 9.2;
				MTL_ENABLE_DEBUG_INFO = YES;
				ONLY_ACTIVE_ARCH = YES;
				SDKROOT = iphoneos;
				SWIFT_OPTIMIZATION_LEVEL = "-Onone";
			};
			name = Debug;
		};
		A1D174EC1C41FAAF00604546 /* Release */ = {
			isa = XCBuildConfiguration;
			buildSettings = {
				ALWAYS_SEARCH_USER_PATHS = NO;
				CLANG_CXX_LANGUAGE_STANDARD = "gnu++0x";
				CLANG_CXX_LIBRARY = "libc++";
				CLANG_ENABLE_MODULES = YES;
				CLANG_ENABLE_OBJC_ARC = YES;
				CLANG_WARN_BOOL_CONVERSION = YES;
				CLANG_WARN_CONSTANT_CONVERSION = YES;
				CLANG_WARN_DIRECT_OBJC_ISA_USAGE = YES_ERROR;
				CLANG_WARN_EMPTY_BODY = YES;
				CLANG_WARN_ENUM_CONVERSION = YES;
				CLANG_WARN_INT_CONVERSION = YES;
				CLANG_WARN_OBJC_ROOT_CLASS = YES_ERROR;
				CLANG_WARN_UNREACHABLE_CODE = YES;
				CLANG_WARN__DUPLICATE_METHOD_MATCH = YES;
				"CODE_SIGN_IDENTITY[sdk=iphoneos*]" = "iPhone Developer";
				COPY_PHASE_STRIP = NO;
				DEBUG_INFORMATION_FORMAT = "dwarf-with-dsym";
				ENABLE_NS_ASSERTIONS = NO;
				ENABLE_STRICT_OBJC_MSGSEND = YES;
				GCC_C_LANGUAGE_STANDARD = gnu99;
				GCC_NO_COMMON_BLOCKS = YES;
				GCC_WARN_64_TO_32_BIT_CONVERSION = YES;
				GCC_WARN_ABOUT_RETURN_TYPE = YES_ERROR;
				GCC_WARN_UNDECLARED_SELECTOR = YES;
				GCC_WARN_UNINITIALIZED_AUTOS = YES_AGGRESSIVE;
				GCC_WARN_UNUSED_FUNCTION = YES;
				GCC_WARN_UNUSED_VARIABLE = YES;
				IPHONEOS_DEPLOYMENT_TARGET = 9.2;
				MTL_ENABLE_DEBUG_INFO = NO;
				SDKROOT = iphoneos;
				VALIDATE_PRODUCT = YES;
			};
			name = Release;
		};
		A1D174EE1C41FAAF00604546 /* Debug */ = {
			isa = XCBuildConfiguration;
			buildSettings = {
				ASSETCATALOG_COMPILER_APPICON_NAME = AppIcon;
				INFOPLIST_FILE = ColdCaller/Info.plist;
				LD_RUNPATH_SEARCH_PATHS = "$(inherited) @executable_path/Frameworks";
				PRODUCT_BUNDLE_IDENTIFIER = com.ChristopherZev.ColdCaller;
				PRODUCT_NAME = "$(TARGET_NAME)";
				TARGETED_DEVICE_FAMILY = "1,2";
			};
			name = Debug;
		};
		A1D174EF1C41FAAF00604546 /* Release */ = {
			isa = XCBuildConfiguration;
			buildSettings = {
				ASSETCATALOG_COMPILER_APPICON_NAME = AppIcon;
				INFOPLIST_FILE = ColdCaller/Info.plist;
				LD_RUNPATH_SEARCH_PATHS = "$(inherited) @executable_path/Frameworks";
				PRODUCT_BUNDLE_IDENTIFIER = com.ChristopherZev.ColdCaller;
				PRODUCT_NAME = "$(TARGET_NAME)";
				TARGETED_DEVICE_FAMILY = "1,2";
			};
			name = Release;
		};
/* End XCBuildConfiguration section */

/* Begin XCConfigurationList section */
		A1D174D61C41FAAF00604546 /* Build configuration list for PBXProject "ColdCaller" */ = {
			isa = XCConfigurationList;
			buildConfigurations = (
				A1D174EB1C41FAAF00604546 /* Debug */,
				A1D174EC1C41FAAF00604546 /* Release */,
			);
			defaultConfigurationIsVisible = 0;
			defaultConfigurationName = Release;
		};
		A1D174ED1C41FAAF00604546 /* Build configuration list for PBXNativeTarget "ColdCaller" */ = {
			isa = XCConfigurationList;
			buildConfigurations = (
				A1D174EE1C41FAAF00604546 /* Debug */,
				A1D174EF1C41FAAF00604546 /* Release */,
			);
			defaultConfigurationIsVisible = 0;
		};
/* End XCConfigurationList section */
	};
	rootObject = A1D174D31C41FAAF00604546 /* Project object */;
}
